{
  "name": "@topogram/extractor-bpmn-workflows",
  "version": "0.1.0",
  "lockfileVersion": 3,
  "requires": true,
  "packages": {
    "": {
      "name": "@topogram/extractor-bpmn-workflows",
      "version": "0.1.0",
      "license": "Apache-2.0",
      "devDependencies": {
        "@topogram/cli": "^0.3.122"
      }
    },
    "node_modules/@topogram/cli": {
      "version": "0.3.122",
      "resolved": "https://registry.npmjs.org/@topogram/cli/-/cli-0.3.122.tgz",
      "integrity": "sha512-F5aJjxl47T2CB4rZI2Uhad8DvaP/MEBg9RXQS/zfKXszmuNnNqK1DFfYryArY6tLIDiBMhqXOHAGY9UccckcZA==",
      "dev": true,
      "license": "Apache-2.0",
      "bin": {
        "topogram": "src/cli.js"
      },
      "engines": {
        "node": ">=20"
      }
    }
  }
}
