{
  "name": "@topogram/extractor-bpmn-workflows",
  "version": "0.1.0",
  "lockfileVersion": 3,
  "requires": true,
  "packages": {
    "": {
      "name": "@topogram/extractor-bpmn-workflows",
      "version": "0.1.0",
      "license": "Apache-2.0",
      "devDependencies": {
        "@topogram/cli": "^0.3.121"
      }
    },
    "node_modules/@topogram/cli": {
      "version": "0.3.121",
      "resolved": "https://registry.npmjs.org/@topogram/cli/-/cli-0.3.121.tgz",
      "integrity": "sha512-T6E9LyUgj9gsgZ0BcvqveiVgsLWkgMUKu8Hqo97ey37V45MbJJq9jDFcDfMtKXJCFXXNFNSb2jbTB1eBu2FJ4A==",
      "dev": true,
      "license": "Apache-2.0",
      "bin": {
        "topogram": "src/cli.js"
      },
      "engines": {
        "node": ">=20"
      }
    }
  }
}
